
Microsoft Visual Studio Solution File, Format Version 12.00
# Visual Studio Version 17
VisualStudioVersion = 17.2.32519.379
MinimumVisualStudioVersion = 10.0.40219.1
Project("{FAE04EC0-301F-11D3-BF4B-00C04F79EFBC}") = "Inventario_de_empresas", "Inventario_de_empresas.csproj", "{61734C1C-A27E-4A70-B285-EA93E2F5970F}"
EndProject
Global
	GlobalSection(SolutionConfigurationPlatforms) = preSolution
		Debug|Any CPU = Debug|Any CPU
		Release|Any CPU = Release|Any CPU
	EndGlobalSection
	GlobalSection(ProjectConfigurationPlatforms) = postSolution
		{61734C1C-A27E-4A70-B285-EA93E2F5970F}.Debug|Any CPU.ActiveCfg = Debug|Any CPU
		{61734C1C-A27E-4A70-B285-EA93E2F5970F}.Debug|Any CPU.Build.0 = Debug|Any CPU
		{61734C1C-A27E-4A70-B285-EA93E2F5970F}.Release|Any CPU.ActiveCfg = Release|Any CPU
		{61734C1C-A27E-4A70-B285-EA93E2F5970F}.Release|Any CPU.Build.0 = Release|Any CPU
	EndGlobalSection
	GlobalSection(SolutionProperties) = preSolution
		HideSolutionNode = FALSE
	EndGlobalSection
	GlobalSection(ExtensibilityGlobals) = postSolution
		SolutionGuid = {1B44F93A-16B5-4C99-AFB6-320D00CA2ADA}
	EndGlobalSection
EndGlobal
